
Microsoft Visual Studio Solution File, Format Version 12.00
# Visual Studio Version 17
VisualStudioVersion = 17.8.34330.188
MinimumVisualStudioVersion = 10.0.40219.1
Project("{FAE04EC0-301F-11D3-BF4B-00C04F79EFBC}") = "Svelto.ECS.Example", "Svelto.ECS.Example\Svelto.ECS.Example.csproj", "{11D71569-166A-476D-A5A8-841D2D0C3F59}"
EndProject
Global
	GlobalSection(SolutionConfigurationPlatforms) = preSolution
		Debug|Any CPU = Debug|Any CPU
		Release|Any CPU = Release|Any CPU
	EndGlobalSection
	GlobalSection(ProjectConfigurationPlatforms) = postSolution
		{11D71569-166A-476D-A5A8-841D2D0C3F59}.Debug|Any CPU.ActiveCfg = Debug|Any CPU
		{11D71569-166A-476D-A5A8-841D2D0C3F59}.Debug|Any CPU.Build.0 = Debug|Any CPU
		{11D71569-166A-476D-A5A8-841D2D0C3F59}.Release|Any CPU.ActiveCfg = Release|Any CPU
		{11D71569-166A-476D-A5A8-841D2D0C3F59}.Release|Any CPU.Build.0 = Release|Any CPU
	EndGlobalSection
	GlobalSection(SolutionProperties) = preSolution
		HideSolutionNode = FALSE
	EndGlobalSection
	GlobalSection(ExtensibilityGlobals) = postSolution
		SolutionGuid = {6A771425-FB63-4CBF-83F6-134140DF68F1}
	EndGlobalSection
EndGlobal
